{
  "name": "create-inquirer-app",
  "version": "0.1.0",
  "lockfileVersion": 3,
  "requires": true,
  "packages": {
    "": {
      "name": "create-inquirer-app",
      "version": "0.1.0",
      "license": "MIT",
      "dependencies": {
        "inquirer-ai": "file:../../typescript"
      },
      "bin": {
        "create-inquirer-app": "src/index.js"
      }
    },
    "../../typescript": {
      "name": "inquirer-ai",
      "version": "0.1.0",
      "license": "MIT",
      "devDependencies": {
        "@types/node": "^25.9.1",
        "@vitest/coverage-v8": "^3.2.1",
        "fast-check": "^4.8.0",
        "typescript": "^5.8.3",
        "vitest": "^3.2.1"
      },
      "engines": {
        "node": ">=18.0.0"
      }
    },
    "node_modules/inquirer-ai": {
      "resolved": "../../typescript",
      "link": true
    }
  }
}
